{
    "version": 3,
    "terraform_version": "0.11.7",
    "serial": 6,
    "lineage": "0235fc05-5c1c-fe5d-dcca-ca72c3e86934",
    "modules": [
        {
            "path": [
                "root"
            ],
            "outputs": {
                "Name": {
                    "sensitive": false,
                    "type": "string",
                    "value": "mywebserver-ams3"
                },
                "Public ip": {
                    "sensitive": false,
                    "type": "string",
                    "value": "188.166.68.83"
                }
            },
            "resources": {
                "digitalocean_domain.cruz-aven-cloud": {
                    "type": "digitalocean_domain",
                    "depends_on": [
                        "digitalocean_droplet.mywebserver"
                    ],
                    "primary": {
                        "id": "cruz.aven.cloud",
                        "attributes": {
                            "id": "cruz.aven.cloud",
                            "ip_address": "188.166.68.83",
                            "name": "cruz.aven.cloud"
                        },
                        "meta": {},
                        "tainted": false
                    },
                    "deposed": [],
                    "provider": "provider.digitalocean"
                },
                "digitalocean_droplet.mywebserver": {
                    "type": "digitalocean_droplet",
                    "depends_on": [
                        "digitalocean_ssh_key.ssh"
                    ],
                    "primary": {
                        "id": "99158280",
                        "attributes": {
                            "backups": "true",
                            "disk": "25",
                            "id": "99158280",
                            "image": "ubuntu-16-04-x64",
                            "ipv4_address": "188.166.68.83",
                            "ipv4_address_private": "10.133.49.200",
                            "ipv6": "true",
                            "ipv6_address": "2a03:b0c0:0002:00d0:0000:0000:0b73:7001",
                            "ipv6_address_private": "",
                            "locked": "false",
                            "name": "mywebserver-ams3",
                            "price_hourly": "0.00744",
                            "price_monthly": "5",
                            "private_networking": "true",
                            "region": "ams3",
                            "resize_disk": "true",
                            "size": "s-1vcpu-1gb",
                            "ssh_keys.#": "1",
                            "ssh_keys.0": "21865559",
                            "status": "active",
                            "tags.#": "0",
                            "vcpus": "1"
                        },
                        "meta": {},
                        "tainted": false
                    },
                    "deposed": [],
                    "provider": "provider.digitalocean"
                },
                "digitalocean_record.cruz": {
                    "type": "digitalocean_record",
                    "depends_on": [
                        "digitalocean_domain.cruz-aven-cloud",
                        "digitalocean_droplet.mywebserver"
                    ],
                    "primary": {
                        "id": "47802180",
                        "attributes": {
                            "domain": "cruz.aven.cloud",
                            "fqdn": "cruz.cruz.aven.cloud",
                            "id": "47802180",
                            "name": "cruz",
                            "port": "0",
                            "priority": "0",
                            "ttl": "1800",
                            "type": "A",
                            "value": "188.166.68.83",
                            "weight": "0"
                        },
                        "meta": {},
                        "tainted": false
                    },
                    "deposed": [],
                    "provider": "provider.digitalocean"
                },
                "digitalocean_ssh_key.ssh": {
                    "type": "digitalocean_ssh_key",
                    "depends_on": [],
                    "primary": {
                        "id": "21865559",
                        "attributes": {
                            "fingerprint": "c7:74:b8:41:43:70:45:2b:37:59:aa:22:66:c3:9d:b7",
                            "id": "21865559",
                            "name": "Terraform DO Example",
                            "public_key": "ssh-rsa AAAAB3NzaC1yc2EAAAADAQABAAACAQCooTNclVa/qDeoqLdFqucNYPayKX1fgAvu8Rwy1et2XxNp22I1n9IsttMyDgtGDtPwohV5qwLr7jYwbSKBrllY1Di4Y1ijTkUUVQvtp8OR3EXGr/OOpTQL67YqSQiReremoIQZlNIZgz71RXLwNl+BF1ofaktsdHAe301Whro3Z5Ff1uTHMfKgU52aEAa4eAndCnrcgQurf42lyMsJzxN8IBWRVSj59r+qvCax8Dq1v7r7M5StUEPRcKDVNjQzhFn9nhW3ljNjJr71TEf7q5Qf4u5o4eTe21VFPNvh191980ihjNelL0Qh8FyT1sjj7wsXXX+Nkdj6Yog/gA1IJDAswoad6BszqX50PPyni0Q9ijVoXqbVVAN9oo6+6RX1NEXHQqVilcb9eguS4koztY8ZCLkSh7pGaifSJKWcOyZmBgLpeew4pQ3WYe9OYZ0Bmo2bM5D1jCnMF6DaU0aCECf4AAp8Pwp2WpTQ2JgOd9YAqVGBGtFs9ZfOiwkU89fl84hEJ72E8ZsKnyRbOGVp/4xEr7flUb34628ukLttJ8D6klKCZH5aKPgvRaUvwB5PS7mfUkQgbomQGKhzlNsYlnDC7hxy3Dk0aFkgdIVUtQPrdFgTtmYG4uQQxxQD4xnHy/p+BUz/JDi6RaHKguswNy4hT9cp7q3EflAOxAxeo0axmQ== ericvicenti@Eric-MBP.creativeforest"
                        },
                        "meta": {},
                        "tainted": false
                    },
                    "deposed": [],
                    "provider": "provider.digitalocean"
                }
            },
            "depends_on": []
        }
    ]
}
