{
    "version": 3,
    "terraform_version": "0.11.7",
    "serial": 2,
    "lineage": "7465c34d-7425-1d8b-d2a8-f2905fc98c46",
    "modules": [
        {
            "path": [
                "root"
            ],
            "outputs": {},
            "resources": {
                "cloudflare_record.www": {
                    "type": "cloudflare_record",
                    "depends_on": [
                        "digitalocean_loadbalancer.public"
                    ],
                    "primary": {
                        "id": "4aa276201c47d9bd29bc053a86e52623",
                        "attributes": {
                            "created_on": "2018-06-26T19:39:22.504489Z",
                            "data.%": "0",
                            "domain": "aven.cloud",
                            "hostname": "cloud.aven.cloud",
                            "id": "4aa276201c47d9bd29bc053a86e52623",
                            "metadata.%": "3",
                            "metadata.auto_added": "false",
                            "metadata.managed_by_apps": "false",
                            "metadata.managed_by_argo_tunnel": "false",
                            "modified_on": "2018-06-26T19:39:22.504489Z",
                            "name": "cloud",
                            "priority": "0",
                            "proxiable": "true",
                            "proxied": "false",
                            "ttl": "3600",
                            "type": "A",
                            "value": "138.197.56.52",
                            "zone_id": "e4b200f91c62d289eab5bb2370264501"
                        },
                        "meta": {
                            "schema_version": "1"
                        },
                        "tainted": false
                    },
                    "deposed": [],
                    "provider": "provider.cloudflare"
                },
                "digitalocean_droplet.hera.0": {
                    "type": "digitalocean_droplet",
                    "depends_on": [
                        "digitalocean_ssh_key.ssh"
                    ],
                    "primary": {
                        "id": "99467317",
                        "attributes": {
                            "disk": "25",
                            "id": "99467317",
                            "image": "ubuntu-18-04-x64",
                            "ipv4_address": "104.236.82.74",
                            "ipv4_address_private": "10.132.75.131",
                            "locked": "false",
                            "name": "cloud",
                            "price_hourly": "0.00744",
                            "price_monthly": "5",
                            "private_networking": "true",
                            "region": "nyc3",
                            "resize_disk": "true",
                            "size": "s-1vcpu-1gb",
                            "ssh_keys.#": "1",
                            "ssh_keys.0": "21887723",
                            "status": "active",
                            "tags.#": "0",
                            "vcpus": "1"
                        },
                        "meta": {},
                        "tainted": false
                    },
                    "deposed": [],
                    "provider": "provider.digitalocean"
                },
                "digitalocean_droplet.hera.1": {
                    "type": "digitalocean_droplet",
                    "depends_on": [
                        "digitalocean_ssh_key.ssh"
                    ],
                    "primary": {
                        "id": "99467314",
                        "attributes": {
                            "disk": "25",
                            "id": "99467314",
                            "image": "ubuntu-18-04-x64",
                            "ipv4_address": "104.131.175.153",
                            "ipv4_address_private": "10.132.27.88",
                            "locked": "false",
                            "name": "cloud",
                            "price_hourly": "0.00744",
                            "price_monthly": "5",
                            "private_networking": "true",
                            "region": "nyc3",
                            "resize_disk": "true",
                            "size": "s-1vcpu-1gb",
                            "ssh_keys.#": "1",
                            "ssh_keys.0": "21887723",
                            "status": "active",
                            "tags.#": "0",
                            "vcpus": "1"
                        },
                        "meta": {},
                        "tainted": false
                    },
                    "deposed": [],
                    "provider": "provider.digitalocean"
                },
                "digitalocean_droplet.hera.2": {
                    "type": "digitalocean_droplet",
                    "depends_on": [
                        "digitalocean_ssh_key.ssh"
                    ],
                    "primary": {
                        "id": "99467318",
                        "attributes": {
                            "disk": "25",
                            "id": "99467318",
                            "image": "ubuntu-18-04-x64",
                            "ipv4_address": "104.236.109.68",
                            "ipv4_address_private": "10.132.129.140",
                            "locked": "false",
                            "name": "cloud",
                            "price_hourly": "0.00744",
                            "price_monthly": "5",
                            "private_networking": "true",
                            "region": "nyc3",
                            "resize_disk": "true",
                            "size": "s-1vcpu-1gb",
                            "ssh_keys.#": "1",
                            "ssh_keys.0": "21887723",
                            "status": "active",
                            "tags.#": "0",
                            "vcpus": "1"
                        },
                        "meta": {},
                        "tainted": false
                    },
                    "deposed": [],
                    "provider": "provider.digitalocean"
                },
                "digitalocean_loadbalancer.public": {
                    "type": "digitalocean_loadbalancer",
                    "depends_on": [
                        "digitalocean_droplet.hera.*"
                    ],
                    "primary": {
                        "id": "7166380e-88a2-4549-ae6f-f4c7bfb5f870",
                        "attributes": {
                            "algorithm": "round_robin",
                            "droplet_ids.#": "3",
                            "droplet_ids.0": "99467317",
                            "droplet_ids.1": "99467314",
                            "droplet_ids.2": "99467318",
                            "droplet_tag": "",
                            "forwarding_rule.#": "2",
                            "forwarding_rule.0.certificate_id": "",
                            "forwarding_rule.0.entry_port": "80",
                            "forwarding_rule.0.entry_protocol": "http",
                            "forwarding_rule.0.target_port": "80",
                            "forwarding_rule.0.target_protocol": "http",
                            "forwarding_rule.0.tls_passthrough": "false",
                            "forwarding_rule.1.certificate_id": "",
                            "forwarding_rule.1.entry_port": "443",
                            "forwarding_rule.1.entry_protocol": "https",
                            "forwarding_rule.1.target_port": "443",
                            "forwarding_rule.1.target_protocol": "https",
                            "forwarding_rule.1.tls_passthrough": "true",
                            "healthcheck.#": "1",
                            "healthcheck.0.check_interval_seconds": "10",
                            "healthcheck.0.healthy_threshold": "5",
                            "healthcheck.0.path": "",
                            "healthcheck.0.port": "22",
                            "healthcheck.0.protocol": "tcp",
                            "healthcheck.0.response_timeout_seconds": "5",
                            "healthcheck.0.unhealthy_threshold": "3",
                            "id": "7166380e-88a2-4549-ae6f-f4c7bfb5f870",
                            "ip": "138.197.56.52",
                            "name": "loadbalance-cloud",
                            "redirect_http_to_https": "false",
                            "region": "nyc3",
                            "sticky_sessions.#": "1",
                            "sticky_sessions.0.cookie_name": "",
                            "sticky_sessions.0.cookie_ttl_seconds": "0",
                            "sticky_sessions.0.type": "none"
                        },
                        "meta": {},
                        "tainted": false
                    },
                    "deposed": [],
                    "provider": "provider.digitalocean"
                },
                "digitalocean_ssh_key.ssh": {
                    "type": "digitalocean_ssh_key",
                    "depends_on": [],
                    "primary": {
                        "id": "21887723",
                        "attributes": {
                            "fingerprint": "f8:d0:b5:cd:40:a9:80:d2:f8:64:5c:12:dc:19:d2:bc",
                            "id": "21887723",
                            "name": "DigitalOcean SSH Key",
                            "public_key": "ssh-rsa AAAAB3NzaC1yc2EAAAADAQABAAABAQD8kZcG2EiaigX8yJQhOkPRa4QDtfljStv9mOdrXWFDZKwmFpnK4VyczVOsQJNKKPSMVIgwAnA/ty3bjAFc9hIAiI0rLbCsYH0EMPbZYqNcRzWkf2pSj4sKanxEeFDVsUdlIpZ/B1SK9sNwKxa+fJ1arpIF1+qA1RCuect4d22vp7PHQUW3Zza0xBJtkJPwaTF9aErkEg4IBeai6nRwGu5VoMuN0jkrHDEEEuHO27EBvuI132c1kZ77RKVGxsYJ5L01k8kn1lqcWmCUePMzIdHyu6dTS2pe6hiyjYTPXA85ZKHn9k4wfbkN7/ABHC3yGISaK9/kQo1ShPzLNIDteyqR ericvicenti@Eric-MBP.creativeforest"
                        },
                        "meta": {},
                        "tainted": false
                    },
                    "deposed": [],
                    "provider": "provider.digitalocean"
                }
            },
            "depends_on": []
        }
    ]
}
