{
    "version": 3,
    "terraform_version": "0.11.7",
    "serial": 21,
    "lineage": "0235fc05-5c1c-fe5d-dcca-ca72c3e86934",
    "modules": [
        {
            "path": [
                "root"
            ],
            "outputs": {},
            "resources": {
                "digitalocean_droplet.hera.0": {
                    "type": "digitalocean_droplet",
                    "depends_on": [
                        "digitalocean_ssh_key.ssh"
                    ],
                    "primary": {
                        "id": "99361600",
                        "attributes": {
                            "disk": "25",
                            "id": "99361600",
                            "image": "ubuntu-18-04-x64",
                            "ipv4_address": "165.227.212.201",
                            "ipv4_address_private": "10.132.53.221",
                            "locked": "false",
                            "name": "panda",
                            "price_hourly": "0.00744",
                            "price_monthly": "5",
                            "private_networking": "true",
                            "region": "nyc3",
                            "resize_disk": "true",
                            "size": "s-1vcpu-1gb",
                            "ssh_keys.#": "1",
                            "ssh_keys.0": "21880630",
                            "status": "active",
                            "tags.#": "0",
                            "vcpus": "1"
                        },
                        "meta": {},
                        "tainted": false
                    },
                    "deposed": [],
                    "provider": "provider.digitalocean"
                },
                "digitalocean_droplet.hera.1": {
                    "type": "digitalocean_droplet",
                    "depends_on": [
                        "digitalocean_ssh_key.ssh"
                    ],
                    "primary": {
                        "id": "99361598",
                        "attributes": {
                            "disk": "25",
                            "id": "99361598",
                            "image": "ubuntu-18-04-x64",
                            "ipv4_address": "165.227.189.245",
                            "ipv4_address_private": "10.132.37.126",
                            "locked": "false",
                            "name": "panda",
                            "price_hourly": "0.00744",
                            "price_monthly": "5",
                            "private_networking": "true",
                            "region": "nyc3",
                            "resize_disk": "true",
                            "size": "s-1vcpu-1gb",
                            "ssh_keys.#": "1",
                            "ssh_keys.0": "21880630",
                            "status": "active",
                            "tags.#": "0",
                            "vcpus": "1"
                        },
                        "meta": {},
                        "tainted": false
                    },
                    "deposed": [],
                    "provider": "provider.digitalocean"
                },
                "digitalocean_droplet.hera.2": {
                    "type": "digitalocean_droplet",
                    "depends_on": [
                        "digitalocean_ssh_key.ssh"
                    ],
                    "primary": {
                        "id": "99361599",
                        "attributes": {
                            "disk": "25",
                            "id": "99361599",
                            "image": "ubuntu-18-04-x64",
                            "ipv4_address": "165.227.177.239",
                            "ipv4_address_private": "10.132.31.133",
                            "locked": "false",
                            "name": "panda",
                            "price_hourly": "0.00744",
                            "price_monthly": "5",
                            "private_networking": "true",
                            "region": "nyc3",
                            "resize_disk": "true",
                            "size": "s-1vcpu-1gb",
                            "ssh_keys.#": "1",
                            "ssh_keys.0": "21880630",
                            "status": "active",
                            "tags.#": "0",
                            "vcpus": "1"
                        },
                        "meta": {},
                        "tainted": false
                    },
                    "deposed": [],
                    "provider": "provider.digitalocean"
                },
                "digitalocean_ssh_key.ssh": {
                    "type": "digitalocean_ssh_key",
                    "depends_on": [],
                    "primary": {
                        "id": "21880630",
                        "attributes": {
                            "fingerprint": "e6:6c:33:e6:73:37:e9:ea:eb:2d:4b:ab:3d:91:07:fe",
                            "id": "21880630",
                            "name": "DigitalOcean SSH Key",
                            "public_key": "ssh-rsa AAAAB3NzaC1yc2EAAAADAQABAAABAQC8jwoHB5L7/kR3jSdYx5TJgTQ2vvP27ODMEPp0mNKm3p2cnTspzn58V8dX0v2qHhTL9q2rb5dMD1niuuPdVIG9lVCfwyigCJoWnn27D1kWHxlKVQMOm7vwRWMtaDiUo9gmsWaXCZJmhIgHEwntiMmN0EU9vAm7HwIhJHTYwr7wkX6zuIwaG6rZqf6E90PnAsPO6tYrFgDUQ/F4zYY413qY6gdOsSZdsnWzI2EePF9+Pn6AmLzIpxxCUqOsFPuODCfenv5NCZMvwXQkl0bIOmNfe81IqJJHBfdcQKYMxeTnR0I0mEYNkLwbeotAbuvf3jNrbqO084wQT7ia9QDdoE97 root@hyperion"
                        },
                        "meta": {},
                        "tainted": false
                    },
                    "deposed": [],
                    "provider": "provider.digitalocean"
                }
            },
            "depends_on": []
        }
    ]
}
